{
  "nodes": {
    "home-manager": {
      "inputs": {
        "nixpkgs": [
          "nixpkgs"
        ]
      },
      "locked": {
        "lastModified": 1751489990,
        "narHash": "sha256-ENTd/sd4Vz/VJYn14SVqW1OH2m7WIAvsm9A9SrmDZRY=",
        "owner": "nix-community",
        "repo": "home-manager",
        "rev": "89af52d9a893af013f5f4c1d2d56912106827153",
        "type": "github"
      },
      "original": {
        "owner": "nix-community",
        "repo": "home-manager",
        "type": "github"
      }
    },
    "home-manager_2": {
      "inputs": {
        "nixpkgs": [
          "zen-browser",
          "nixpkgs"
        ]
      },
      "locked": {
        "lastModified": 1751578154,
        "narHash": "sha256-7zfDzmaidDESMZpdmzK/+APeKN432CJuphHHETX88Ls=",
        "owner": "nix-community",
        "repo": "home-manager",
        "rev": "7044c3eced5319148c09fe9612659765b9297d4a",
        "type": "github"
      },
      "original": {
        "owner": "nix-community",
        "repo": "home-manager",
        "type": "github"
      }
    },
    "nixpkgs": {
      "locked": {
        "lastModified": 1751271578,
        "narHash": "sha256-P/SQmKDu06x8yv7i0s8bvnnuJYkxVGBWLWHaU+tt4YY=",
        "owner": "nixos",
        "repo": "nixpkgs",
        "rev": "3016b4b15d13f3089db8a41ef937b13a9e33a8df",
        "type": "github"
      },
      "original": {
        "owner": "nixos",
        "ref": "nixos-unstable",
        "repo": "nixpkgs",
        "type": "github"
      }
    },
    "root": {
      "inputs": {
        "home-manager": "home-manager",
        "nixpkgs": "nixpkgs",
        "zen-browser": "zen-browser"
      }
    },
    "zen-browser": {
      "inputs": {
        "home-manager": "home-manager_2",
        "nixpkgs": [
          "nixpkgs"
        ]
      },
      "locked": {
        "lastModified": 1751512826,
        "narHash": "sha256-7ZacraAVWZBXGlg+UoPsZs+DACSsKJKTnCA83nXT6rM=",
        "owner": "0xc000022070",
        "repo": "zen-browser-flake",
        "rev": "fedb07931fc9b162a972b8966fdd9ba76273a590",
        "type": "github"
      },
      "original": {
        "owner": "0xc000022070",
        "repo": "zen-browser-flake",
        "type": "github"
      }
    }
  },
  "root": "root",
  "version": 7
}
